Microsoft Visual Studio Solution File, Format Version 12.00
# Visual Studio Version 17
VisualStudioVersion = 17.5.2.0
MinimumVisualStudioVersion = 10.0.40219.1
Project("{FAE04EC0-301F-11D3-BF4B-00C04F79EFBC}") = "azure chalenge", "azure chalenge.csproj", "{AEF57DCF-1B56-EFCA-90C8-7E66936E90C7}"
EndProject
Global
	GlobalSection(SolutionConfigurationPlatforms) = preSolution
		Debug|Any CPU = Debug|Any CPU
		Release|Any CPU = Release|Any CPU
	EndGlobalSection
	GlobalSection(ProjectConfigurationPlatforms) = postSolution
		{AEF57DCF-1B56-EFCA-90C8-7E66936E90C7}.Debug|Any CPU.ActiveCfg = Debug|Any CPU
		{AEF57DCF-1B56-EFCA-90C8-7E66936E90C7}.Debug|Any CPU.Build.0 = Debug|Any CPU
		{AEF57DCF-1B56-EFCA-90C8-7E66936E90C7}.Release|Any CPU.ActiveCfg = Release|Any CPU
		{AEF57DCF-1B56-EFCA-90C8-7E66936E90C7}.Release|Any CPU.Build.0 = Release|Any CPU
	EndGlobalSection
	GlobalSection(SolutionProperties) = preSolution
		HideSolutionNode = FALSE
	EndGlobalSection
	GlobalSection(ExtensibilityGlobals) = postSolution
		SolutionGuid = {1CFD61F1-92CB-474F-B3AB-9EAB196C3857}
	EndGlobalSection
EndGlobal
